
Microsoft Visual Studio Solution File, Format Version 12.00
# Visual Studio 15
VisualStudioVersion = 15.0.27703.2018
MinimumVisualStudioVersion = 10.0.40219.1
Project("{9A19103F-16F7-4668-BE54-9A1E7A4F7556}") = "LoriotDataConnector", "LoriotDataConnector\LoriotDataConnector.csproj", "{73D7B655-18EB-4B82-B9F5-84658080D0E2}"
EndProject
Project("{E53339B2-1760-4266-BCC7-CA923CBCF16C}") = "docker-compose", "docker-compose.dcproj", "{89DB7876-2A10-49A7-86AF-BDB7FD241BA6}"
EndProject
Project("{FAE04EC0-301F-11D3-BF4B-00C04F79EFBC}") = "LoriotWebsocketClient", "..\LoriotWebsocketClient\LoriotWebsocketClient.csproj", "{878BF111-051D-4328-AE46-AFDE15729B2A}"
EndProject
Global
	GlobalSection(SolutionConfigurationPlatforms) = preSolution
		Debug|Any CPU = Debug|Any CPU
		Release|Any CPU = Release|Any CPU
	EndGlobalSection
	GlobalSection(ProjectConfigurationPlatforms) = postSolution
		{73D7B655-18EB-4B82-B9F5-84658080D0E2}.Debug|Any CPU.ActiveCfg = Debug|Any CPU
		{73D7B655-18EB-4B82-B9F5-84658080D0E2}.Debug|Any CPU.Build.0 = Debug|Any CPU
		{73D7B655-18EB-4B82-B9F5-84658080D0E2}.Release|Any CPU.ActiveCfg = Release|Any CPU
		{73D7B655-18EB-4B82-B9F5-84658080D0E2}.Release|Any CPU.Build.0 = Release|Any CPU
		{89DB7876-2A10-49A7-86AF-BDB7FD241BA6}.Debug|Any CPU.ActiveCfg = Debug|Any CPU
		{89DB7876-2A10-49A7-86AF-BDB7FD241BA6}.Debug|Any CPU.Build.0 = Debug|Any CPU
		{89DB7876-2A10-49A7-86AF-BDB7FD241BA6}.Release|Any CPU.ActiveCfg = Release|Any CPU
		{89DB7876-2A10-49A7-86AF-BDB7FD241BA6}.Release|Any CPU.Build.0 = Release|Any CPU
		{878BF111-051D-4328-AE46-AFDE15729B2A}.Debug|Any CPU.ActiveCfg = Debug|Any CPU
		{878BF111-051D-4328-AE46-AFDE15729B2A}.Debug|Any CPU.Build.0 = Debug|Any CPU
		{878BF111-051D-4328-AE46-AFDE15729B2A}.Release|Any CPU.ActiveCfg = Release|Any CPU
		{878BF111-051D-4328-AE46-AFDE15729B2A}.Release|Any CPU.Build.0 = Release|Any CPU
	EndGlobalSection
	GlobalSection(SolutionProperties) = preSolution
		HideSolutionNode = FALSE
	EndGlobalSection
	GlobalSection(ExtensibilityGlobals) = postSolution
		SolutionGuid = {191851DE-57C8-41F0-A93C-9FE7E88D30A0}
	EndGlobalSection
EndGlobal
